// !$*UTF8*$!
{
	archiveVersion = 1;
	classes = {
	};
	objectVersion = 46;
	objects = {

/* Begin PBXBuildFile section */
		831A73CE14E13D0000BDF979 /* Security.framework in Frameworks */ = {isa = PBXBuildFile; fileRef = 831A73CD14E13D0000BDF979 /* Security.framework */; };
		831A73D214E1640B00BDF979 /* MSLoggerClient.m in Sources */ = {isa = PBXBuildFile; fileRef = 831A73D114E1640B00BDF979 /* MSLoggerClient.m */; };
		831A73DB14E17ED000BDF979 /* NSData+Extension.m in Sources */ = {isa = PBXBuildFile; fileRef = 831A73D514E17ED000BDF979 /* NSData+Extension.m */; };
		831A73DC14E17ED000BDF979 /* Base64Transcoder.c in Sources */ = {isa = PBXBuildFile; fileRef = 831A73D714E17ED000BDF979 /* Base64Transcoder.c */; };
		831A73DD14E17ED000BDF979 /* NSString+Extension.m in Sources */ = {isa = PBXBuildFile; fileRef = 831A73DA14E17ED000BDF979 /* NSString+Extension.m */; };
		831A73E114E17F1E00BDF979 /* MSEncryption.m in Sources */ = {isa = PBXBuildFile; fileRef = 831A73E014E17F1E00BDF979 /* MSEncryption.m */; };
		83BAA3DD14DAC36C00E04EF6 /* logo.png in Resources */ = {isa = PBXBuildFile; fileRef = 83BAA3DC14DAC36C00E04EF6 /* logo.png */; };
		83BAA3ED14DB056B00E04EF6 /* AppLogo.png in Resources */ = {isa = PBXBuildFile; fileRef = 83BAA3EC14DB056B00E04EF6 /* AppLogo.png */; };
		83BAA3F014DB267200E04EF6 /* MSLogEntry.m in Sources */ = {isa = PBXBuildFile; fileRef = 83BAA3EF14DB267200E04EF6 /* MSLogEntry.m */; };
		83E2AD4414D87BA900829924 /* MSStartupViewController.m in Sources */ = {isa = PBXBuildFile; fileRef = 83E2AD4314D87BA900829924 /* MSStartupViewController.m */; };
		83E2AD4C14D9D22B00829924 /* MSScreenShotViewController.m in Sources */ = {isa = PBXBuildFile; fileRef = 83E2AD4B14D9D22B00829924 /* MSScreenShotViewController.m */; };
		83E61CFA14D827A400B68046 /* MSLogViewer.m in Sources */ = {isa = PBXBuildFile; fileRef = 83E61CF914D827A400B68046 /* MSLogViewer.m */; };
		83F74BD114DABA9F0096CC47 /* Default-Landscape~ipad.png in Resources */ = {isa = PBXBuildFile; fileRef = 83F74BD014DABA9F0096CC47 /* Default-Landscape~ipad.png */; };
		83F74BD314DABAB00096CC47 /* Default-Portrait~ipad.png in Resources */ = {isa = PBXBuildFile; fileRef = 83F74BD214DABAB00096CC47 /* Default-Portrait~ipad.png */; };
		83F79A8114D6DE9A00C9A985 /* UIKit.framework in Frameworks */ = {isa = PBXBuildFile; fileRef = 83F79A8014D6DE9A00C9A985 /* UIKit.framework */; };
		83F79A8314D6DE9A00C9A985 /* Foundation.framework in Frameworks */ = {isa = PBXBuildFile; fileRef = 83F79A8214D6DE9A00C9A985 /* Foundation.framework */; };
		83F79A8514D6DE9A00C9A985 /* CoreGraphics.framework in Frameworks */ = {isa = PBXBuildFile; fileRef = 83F79A8414D6DE9A00C9A985 /* CoreGraphics.framework */; };
		83F79A8B14D6DE9A00C9A985 /* InfoPlist.strings in Resources */ = {isa = PBXBuildFile; fileRef = 83F79A8914D6DE9A00C9A985 /* InfoPlist.strings */; };
		83F79A8D14D6DE9A00C9A985 /* main.m in Sources */ = {isa = PBXBuildFile; fileRef = 83F79A8C14D6DE9A00C9A985 /* main.m */; };
		83F79A9114D6DE9A00C9A985 /* MSAppDelegate.m in Sources */ = {isa = PBXBuildFile; fileRef = 83F79A9014D6DE9A00C9A985 /* MSAppDelegate.m */; };
		83F79A9414D6DE9A00C9A985 /* MainStoryboard.storyboard in Resources */ = {isa = PBXBuildFile; fileRef = 83F79A9214D6DE9A00C9A985 /* MainStoryboard.storyboard */; };
		83F79A9714D6DE9A00C9A985 /* MSViewController.m in Sources */ = {isa = PBXBuildFile; fileRef = 83F79A9614D6DE9A00C9A985 /* MSViewController.m */; };
		83F79AB814D6DED900C9A985 /* NSObject+SBJson.m in Sources */ = {isa = PBXBuildFile; fileRef = 83F79AA014D6DED900C9A985 /* NSObject+SBJson.m */; };
		83F79AB914D6DED900C9A985 /* SBJsonParser.m in Sources */ = {isa = PBXBuildFile; fileRef = 83F79AA314D6DED900C9A985 /* SBJsonParser.m */; };
		83F79ABA14D6DED900C9A985 /* SBJsonStreamParser.m in Sources */ = {isa = PBXBuildFile; fileRef = 83F79AA514D6DED900C9A985 /* SBJsonStreamParser.m */; };
		83F79ABB14D6DED900C9A985 /* SBJsonStreamParserAccumulator.m in Sources */ = {isa = PBXBuildFile; fileRef = 83F79AA714D6DED900C9A985 /* SBJsonStreamParserAccumulator.m */; };
		83F79ABC14D6DED900C9A985 /* SBJsonStreamParserAdapter.m in Sources */ = {isa = PBXBuildFile; fileRef = 83F79AA914D6DED900C9A985 /* SBJsonStreamParserAdapter.m */; };
		83F79ABD14D6DED900C9A985 /* SBJsonStreamParserState.m in Sources */ = {isa = PBXBuildFile; fileRef = 83F79AAB14D6DED900C9A985 /* SBJsonStreamParserState.m */; };
		83F79ABE14D6DED900C9A985 /* SBJsonStreamWriter.m in Sources */ = {isa = PBXBuildFile; fileRef = 83F79AAD14D6DED900C9A985 /* SBJsonStreamWriter.m */; };
		83F79ABF14D6DED900C9A985 /* SBJsonStreamWriterAccumulator.m in Sources */ = {isa = PBXBuildFile; fileRef = 83F79AAF14D6DED900C9A985 /* SBJsonStreamWriterAccumulator.m */; };
		83F79AC014D6DED900C9A985 /* SBJsonStreamWriterState.m in Sources */ = {isa = PBXBuildFile; fileRef = 83F79AB114D6DED900C9A985 /* SBJsonStreamWriterState.m */; };
		83F79AC114D6DED900C9A985 /* SBJsonTokeniser.m in Sources */ = {isa = PBXBuildFile; fileRef = 83F79AB314D6DED900C9A985 /* SBJsonTokeniser.m */; };
		83F79AC214D6DED900C9A985 /* SBJsonUTF8Stream.m in Sources */ = {isa = PBXBuildFile; fileRef = 83F79AB514D6DED900C9A985 /* SBJsonUTF8Stream.m */; };
		83F79AC314D6DED900C9A985 /* SBJsonWriter.m in Sources */ = {isa = PBXBuildFile; fileRef = 83F79AB714D6DED900C9A985 /* SBJsonWriter.m */; };
		83F79ACA14D6DEF800C9A985 /* CEPubnub.m in Sources */ = {isa = PBXBuildFile; fileRef = 83F79AC614D6DEF800C9A985 /* CEPubnub.m */; };
		83F79ACB14D6DEF800C9A985 /* CEPubnubRequest.m in Sources */ = {isa = PBXBuildFile; fileRef = 83F79AC914D6DEF800C9A985 /* CEPubnubRequest.m */; };
		83F79AD114D72DD900C9A985 /* MSLogLevelViewController.m in Sources */ = {isa = PBXBuildFile; fileRef = 83F79AD014D72DD900C9A985 /* MSLogLevelViewController.m */; };
/* End PBXBuildFile section */

/* Begin PBXFileReference section */
		831A73CD14E13D0000BDF979 /* Security.framework */ = {isa = PBXFileReference; lastKnownFileType = wrapper.framework; name = Security.framework; path = System/Library/Frameworks/Security.framework; sourceTree = SDKROOT; };
		831A73D014E1640B00BDF979 /* MSLoggerClient.h */ = {isa = PBXFileReference; fileEncoding = 4; lastKnownFileType = sourcecode.c.h; path = MSLoggerClient.h; sourceTree = "<group>"; };
		831A73D114E1640B00BDF979 /* MSLoggerClient.m */ = {isa = PBXFileReference; fileEncoding = 4; lastKnownFileType = sourcecode.c.objc; path = MSLoggerClient.m; sourceTree = "<group>"; };
		831A73D414E17ED000BDF979 /* NSData+Extension.h */ = {isa = PBXFileReference; fileEncoding = 4; lastKnownFileType = sourcecode.c.h; path = "NSData+Extension.h"; sourceTree = "<group>"; };
		831A73D514E17ED000BDF979 /* NSData+Extension.m */ = {isa = PBXFileReference; fileEncoding = 4; lastKnownFileType = sourcecode.c.objc; path = "NSData+Extension.m"; sourceTree = "<group>"; };
		831A73D614E17ED000BDF979 /* Base64Transcoder.h */ = {isa = PBXFileReference; fileEncoding = 4; lastKnownFileType = sourcecode.c.h; path = Base64Transcoder.h; sourceTree = "<group>"; };
		831A73D714E17ED000BDF979 /* Base64Transcoder.c */ = {isa = PBXFileReference; fileEncoding = 4; lastKnownFileType = sourcecode.c.c; path = Base64Transcoder.c; sourceTree = "<group>"; };
		831A73D814E17ED000BDF979 /* Logging.h */ = {isa = PBXFileReference; fileEncoding = 4; lastKnownFileType = sourcecode.c.h; path = Logging.h; sourceTree = "<group>"; };
		831A73D914E17ED000BDF979 /* NSString+Extension.h */ = {isa = PBXFileReference; fileEncoding = 4; lastKnownFileType = sourcecode.c.h; path = "NSString+Extension.h"; sourceTree = "<group>"; };
		831A73DA14E17ED000BDF979 /* NSString+Extension.m */ = {isa = PBXFileReference; fileEncoding = 4; lastKnownFileType = sourcecode.c.objc; path = "NSString+Extension.m"; sourceTree = "<group>"; };
		831A73DF14E17F1E00BDF979 /* MSEncryption.h */ = {isa = PBXFileReference; fileEncoding = 4; lastKnownFileType = sourcecode.c.h; path = MSEncryption.h; sourceTree = "<group>"; };
		831A73E014E17F1E00BDF979 /* MSEncryption.m */ = {isa = PBXFileReference; fileEncoding = 4; lastKnownFileType = sourcecode.c.objc; path = MSEncryption.m; sourceTree = "<group>"; };
		83BAA3DC14DAC36C00E04EF6 /* logo.png */ = {isa = PBXFileReference; lastKnownFileType = image.png; path = logo.png; sourceTree = "<group>"; };
		83BAA3EC14DB056B00E04EF6 /* AppLogo.png */ = {isa = PBXFileReference; lastKnownFileType = image.png; path = AppLogo.png; sourceTree = "<group>"; };
		83BAA3EE14DB267200E04EF6 /* MSLogEntry.h */ = {isa = PBXFileReference; fileEncoding = 4; lastKnownFileType = sourcecode.c.h; path = MSLogEntry.h; sourceTree = "<group>"; };
		83BAA3EF14DB267200E04EF6 /* MSLogEntry.m */ = {isa = PBXFileReference; fileEncoding = 4; lastKnownFileType = sourcecode.c.objc; path = MSLogEntry.m; sourceTree = "<group>"; };
		83E2AD4214D87BA900829924 /* MSStartupViewController.h */ = {isa = PBXFileReference; fileEncoding = 4; lastKnownFileType = sourcecode.c.h; path = MSStartupViewController.h; sourceTree = "<group>"; };
		83E2AD4314D87BA900829924 /* MSStartupViewController.m */ = {isa = PBXFileReference; fileEncoding = 4; lastKnownFileType = sourcecode.c.objc; path = MSStartupViewController.m; sourceTree = "<group>"; };
		83E2AD4A14D9D22B00829924 /* MSScreenShotViewController.h */ = {isa = PBXFileReference; fileEncoding = 4; lastKnownFileType = sourcecode.c.h; path = MSScreenShotViewController.h; sourceTree = "<group>"; };
		83E2AD4B14D9D22B00829924 /* MSScreenShotViewController.m */ = {isa = PBXFileReference; fileEncoding = 4; lastKnownFileType = sourcecode.c.objc; path = MSScreenShotViewController.m; sourceTree = "<group>"; };
		83E61CF814D827A400B68046 /* MSLogViewer.h */ = {isa = PBXFileReference; fileEncoding = 4; lastKnownFileType = sourcecode.c.h; path = MSLogViewer.h; sourceTree = "<group>"; };
		83E61CF914D827A400B68046 /* MSLogViewer.m */ = {isa = PBXFileReference; fileEncoding = 4; lastKnownFileType = sourcecode.c.objc; path = MSLogViewer.m; sourceTree = "<group>"; };
		83F74BD014DABA9F0096CC47 /* Default-Landscape~ipad.png */ = {isa = PBXFileReference; lastKnownFileType = image.png; path = "Default-Landscape~ipad.png"; sourceTree = "<group>"; };
		83F74BD214DABAB00096CC47 /* Default-Portrait~ipad.png */ = {isa = PBXFileReference; lastKnownFileType = image.png; path = "Default-Portrait~ipad.png"; sourceTree = "<group>"; };
		83F79A7C14D6DE9A00C9A985 /* OpenSpanLogMonitor.app */ = {isa = PBXFileReference; explicitFileType = wrapper.application; includeInIndex = 0; path = OpenSpanLogMonitor.app; sourceTree = BUILT_PRODUCTS_DIR; };
		83F79A8014D6DE9A00C9A985 /* UIKit.framework */ = {isa = PBXFileReference; lastKnownFileType = wrapper.framework; name = UIKit.framework; path = System/Library/Frameworks/UIKit.framework; sourceTree = SDKROOT; };
		83F79A8214D6DE9A00C9A985 /* Foundation.framework */ = {isa = PBXFileReference; lastKnownFileType = wrapper.framework; name = Foundation.framework; path = System/Library/Frameworks/Foundation.framework; sourceTree = SDKROOT; };
		83F79A8414D6DE9A00C9A985 /* CoreGraphics.framework */ = {isa = PBXFileReference; lastKnownFileType = wrapper.framework; name = CoreGraphics.framework; path = System/Library/Frameworks/CoreGraphics.framework; sourceTree = SDKROOT; };
		83F79A8814D6DE9A00C9A985 /* OpenSpanLogMonitor-Info.plist */ = {isa = PBXFileReference; lastKnownFileType = text.plist.xml; path = "OpenSpanLogMonitor-Info.plist"; sourceTree = "<group>"; };
		83F79A8A14D6DE9A00C9A985 /* en */ = {isa = PBXFileReference; lastKnownFileType = text.plist.strings; name = en; path = en.lproj/InfoPlist.strings; sourceTree = "<group>"; };
		83F79A8C14D6DE9A00C9A985 /* main.m */ = {isa = PBXFileReference; lastKnownFileType = sourcecode.c.objc; path = main.m; sourceTree = "<group>"; };
		83F79A8E14D6DE9A00C9A985 /* OpenSpanLogMonitor-Prefix.pch */ = {isa = PBXFileReference; lastKnownFileType = sourcecode.c.h; path = "OpenSpanLogMonitor-Prefix.pch"; sourceTree = "<group>"; };
		83F79A8F14D6DE9A00C9A985 /* MSAppDelegate.h */ = {isa = PBXFileReference; lastKnownFileType = sourcecode.c.h; path = MSAppDelegate.h; sourceTree = "<group>"; };
		83F79A9014D6DE9A00C9A985 /* MSAppDelegate.m */ = {isa = PBXFileReference; lastKnownFileType = sourcecode.c.objc; path = MSAppDelegate.m; sourceTree = "<group>"; };
		83F79A9314D6DE9A00C9A985 /* en */ = {isa = PBXFileReference; lastKnownFileType = file.storyboard; name = en; path = en.lproj/MainStoryboard.storyboard; sourceTree = "<group>"; };
		83F79A9514D6DE9A00C9A985 /* MSViewController.h */ = {isa = PBXFileReference; lastKnownFileType = sourcecode.c.h; path = MSViewController.h; sourceTree = "<group>"; };
		83F79A9614D6DE9A00C9A985 /* MSViewController.m */ = {isa = PBXFileReference; lastKnownFileType = sourcecode.c.objc; path = MSViewController.m; sourceTree = "<group>"; };
		83F79A9E14D6DED900C9A985 /* JSON.h */ = {isa = PBXFileReference; fileEncoding = 4; lastKnownFileType = sourcecode.c.h; path = JSON.h; sourceTree = "<group>"; };
		83F79A9F14D6DED900C9A985 /* NSObject+SBJson.h */ = {isa = PBXFileReference; fileEncoding = 4; lastKnownFileType = sourcecode.c.h; path = "NSObject+SBJson.h"; sourceTree = "<group>"; };
		83F79AA014D6DED900C9A985 /* NSObject+SBJson.m */ = {isa = PBXFileReference; fileEncoding = 4; lastKnownFileType = sourcecode.c.objc; path = "NSObject+SBJson.m"; sourceTree = "<group>"; };
		83F79AA114D6DED900C9A985 /* SBJson.h */ = {isa = PBXFileReference; fileEncoding = 4; lastKnownFileType = sourcecode.c.h; path = SBJson.h; sourceTree = "<group>"; };
		83F79AA214D6DED900C9A985 /* SBJsonParser.h */ = {isa = PBXFileReference; fileEncoding = 4; lastKnownFileType = sourcecode.c.h; path = SBJsonParser.h; sourceTree = "<group>"; };
		83F79AA314D6DED900C9A985 /* SBJsonParser.m */ = {isa = PBXFileReference; fileEncoding = 4; lastKnownFileType = sourcecode.c.objc; path = SBJsonParser.m; sourceTree = "<group>"; };
		83F79AA414D6DED900C9A985 /* SBJsonStreamParser.h */ = {isa = PBXFileReference; fileEncoding = 4; lastKnownFileType = sourcecode.c.h; path = SBJsonStreamParser.h; sourceTree = "<group>"; };
		83F79AA514D6DED900C9A985 /* SBJsonStreamParser.m */ = {isa = PBXFileReference; fileEncoding = 4; lastKnownFileType = sourcecode.c.objc; path = SBJsonStreamParser.m; sourceTree = "<group>"; };
		83F79AA614D6DED900C9A985 /* SBJsonStreamParserAccumulator.h */ = {isa = PBXFileReference; fileEncoding = 4; lastKnownFileType = sourcecode.c.h; path = SBJsonStreamParserAccumulator.h; sourceTree = "<group>"; };
		83F79AA714D6DED900C9A985 /* SBJsonStreamParserAccumulator.m */ = {isa = PBXFileReference; fileEncoding = 4; lastKnownFileType = sourcecode.c.objc; path = SBJsonStreamParserAccumulator.m; sourceTree = "<group>"; };
		83F79AA814D6DED900C9A985 /* SBJsonStreamParserAdapter.h */ = {isa = PBXFileReference; fileEncoding = 4; lastKnownFileType = sourcecode.c.h; path = SBJsonStreamParserAdapter.h; sourceTree = "<group>"; };
		83F79AA914D6DED900C9A985 /* SBJsonStreamParserAdapter.m */ = {isa = PBXFileReference; fileEncoding = 4; lastKnownFileType = sourcecode.c.objc; path = SBJsonStreamParserAdapter.m; sourceTree = "<group>"; };
		83F79AAA14D6DED900C9A985 /* SBJsonStreamParserState.h */ = {isa = PBXFileReference; fileEncoding = 4; lastKnownFileType = sourcecode.c.h; path = SBJsonStreamParserState.h; sourceTree = "<group>"; };
		83F79AAB14D6DED900C9A985 /* SBJsonStreamParserState.m */ = {isa = PBXFileReference; fileEncoding = 4; lastKnownFileType = sourcecode.c.objc; path = SBJsonStreamParserState.m; sourceTree = "<group>"; };
		83F79AAC14D6DED900C9A985 /* SBJsonStreamWriter.h */ = {isa = PBXFileReference; fileEncoding = 4; lastKnownFileType = sourcecode.c.h; path = SBJsonStreamWriter.h; sourceTree = "<group>"; };
		83F79AAD14D6DED900C9A985 /* SBJsonStreamWriter.m */ = {isa = PBXFileReference; fileEncoding = 4; lastKnownFileType = sourcecode.c.objc; path = SBJsonStreamWriter.m; sourceTree = "<group>"; };
		83F79AAE14D6DED900C9A985 /* SBJsonStreamWriterAccumulator.h */ = {isa = PBXFileReference; fileEncoding = 4; lastKnownFileType = sourcecode.c.h; path = SBJsonStreamWriterAccumulator.h; sourceTree = "<group>"; };
		83F79AAF14D6DED900C9A985 /* SBJsonStreamWriterAccumulator.m */ = {isa = PBXFileReference; fileEncoding = 4; lastKnownFileType = sourcecode.c.objc; path = SBJsonStreamWriterAccumulator.m; sourceTree = "<group>"; };
		83F79AB014D6DED900C9A985 /* SBJsonStreamWriterState.h */ = {isa = PBXFileReference; fileEncoding = 4; lastKnownFileType = sourcecode.c.h; path = SBJsonStreamWriterState.h; sourceTree = "<group>"; };
		83F79AB114D6DED900C9A985 /* SBJsonStreamWriterState.m */ = {isa = PBXFileReference; fileEncoding = 4; lastKnownFileType = sourcecode.c.objc; path = SBJsonStreamWriterState.m; sourceTree = "<group>"; };
		83F79AB214D6DED900C9A985 /* SBJsonTokeniser.h */ = {isa = PBXFileReference; fileEncoding = 4; lastKnownFileType = sourcecode.c.h; path = SBJsonTokeniser.h; sourceTree = "<group>"; };
		83F79AB314D6DED900C9A985 /* SBJsonTokeniser.m */ = {isa = PBXFileReference; fileEncoding = 4; lastKnownFileType = sourcecode.c.objc; path = SBJsonTokeniser.m; sourceTree = "<group>"; };
		83F79AB414D6DED900C9A985 /* SBJsonUTF8Stream.h */ = {isa = PBXFileReference; fileEncoding = 4; lastKnownFileType = sourcecode.c.h; path = SBJsonUTF8Stream.h; sourceTree = "<group>"; };
		83F79AB514D6DED900C9A985 /* SBJsonUTF8Stream.m */ = {isa = PBXFileReference; fileEncoding = 4; lastKnownFileType = sourcecode.c.objc; path = SBJsonUTF8Stream.m; sourceTree = "<group>"; };
		83F79AB614D6DED900C9A985 /* SBJsonWriter.h */ = {isa = PBXFileReference; fileEncoding = 4; lastKnownFileType = sourcecode.c.h; path = SBJsonWriter.h; sourceTree = "<group>"; };
		83F79AB714D6DED900C9A985 /* SBJsonWriter.m */ = {isa = PBXFileReference; fileEncoding = 4; lastKnownFileType = sourcecode.c.objc; path = SBJsonWriter.m; sourceTree = "<group>"; };
		83F79AC514D6DEF800C9A985 /* CEPubnub.h */ = {isa = PBXFileReference; fileEncoding = 4; lastKnownFileType = sourcecode.c.h; path = CEPubnub.h; sourceTree = "<group>"; };
		83F79AC614D6DEF800C9A985 /* CEPubnub.m */ = {isa = PBXFileReference; fileEncoding = 4; lastKnownFileType = sourcecode.c.objc; path = CEPubnub.m; sourceTree = "<group>"; };
		83F79AC714D6DEF800C9A985 /* CEPubnubDelegate.h */ = {isa = PBXFileReference; fileEncoding = 4; lastKnownFileType = sourcecode.c.h; path = CEPubnubDelegate.h; sourceTree = "<group>"; };
		83F79AC814D6DEF800C9A985 /* CEPubnubRequest.h */ = {isa = PBXFileReference; fileEncoding = 4; lastKnownFileType = sourcecode.c.h; path = CEPubnubRequest.h; sourceTree = "<group>"; };
		83F79AC914D6DEF800C9A985 /* CEPubnubRequest.m */ = {isa = PBXFileReference; fileEncoding = 4; lastKnownFileType = sourcecode.c.objc; path = CEPubnubRequest.m; sourceTree = "<group>"; };
		83F79ACF14D72DD900C9A985 /* MSLogLevelViewController.h */ = {isa = PBXFileReference; fileEncoding = 4; lastKnownFileType = sourcecode.c.h; path = MSLogLevelViewController.h; sourceTree = "<group>"; };
		83F79AD014D72DD900C9A985 /* MSLogLevelViewController.m */ = {isa = PBXFileReference; fileEncoding = 4; lastKnownFileType = sourcecode.c.objc; path = MSLogLevelViewController.m; sourceTree = "<group>"; };
/* End PBXFileReference section */

/* Begin PBXFrameworksBuildPhase section */
		83F79A7914D6DE9A00C9A985 /* Frameworks */ = {
			isa = PBXFrameworksBuildPhase;
			buildActionMask = 2147483647;
			files = (
				831A73CE14E13D0000BDF979 /* Security.framework in Frameworks */,
				83F79A8114D6DE9A00C9A985 /* UIKit.framework in Frameworks */,
				83F79A8314D6DE9A00C9A985 /* Foundation.framework in Frameworks */,
				83F79A8514D6DE9A00C9A985 /* CoreGraphics.framework in Frameworks */,
			);
			runOnlyForDeploymentPostprocessing = 0;
		};
/* End PBXFrameworksBuildPhase section */

/* Begin PBXGroup section */
		831A73D314E17EBE00BDF979 /* Extensions */ = {
			isa = PBXGroup;
			children = (
				831A73D414E17ED000BDF979 /* NSData+Extension.h */,
				831A73D514E17ED000BDF979 /* NSData+Extension.m */,
				831A73D614E17ED000BDF979 /* Base64Transcoder.h */,
				831A73D714E17ED000BDF979 /* Base64Transcoder.c */,
				831A73D814E17ED000BDF979 /* Logging.h */,
				831A73D914E17ED000BDF979 /* NSString+Extension.h */,
				831A73DA14E17ED000BDF979 /* NSString+Extension.m */,
			);
			name = Extensions;
			sourceTree = "<group>";
		};
		831A73DE14E17F0300BDF979 /* Encryption */ = {
			isa = PBXGroup;
			children = (
				831A73DF14E17F1E00BDF979 /* MSEncryption.h */,
				831A73E014E17F1E00BDF979 /* MSEncryption.m */,
			);
			name = Encryption;
			sourceTree = "<group>";
		};
		83BAA3DF14DAC43700E04EF6 /* Views */ = {
			isa = PBXGroup;
			children = (
			);
			name = Views;
			sourceTree = "<group>";
		};
		83E61CF414D8274000B68046 /* Controllers */ = {
			isa = PBXGroup;
			children = (
				83F79A9514D6DE9A00C9A985 /* MSViewController.h */,
				83F79A9614D6DE9A00C9A985 /* MSViewController.m */,
				83F79ACF14D72DD900C9A985 /* MSLogLevelViewController.h */,
				83F79AD014D72DD900C9A985 /* MSLogLevelViewController.m */,
				83E2AD4214D87BA900829924 /* MSStartupViewController.h */,
				83E2AD4314D87BA900829924 /* MSStartupViewController.m */,
				83E2AD4A14D9D22B00829924 /* MSScreenShotViewController.h */,
				83E2AD4B14D9D22B00829924 /* MSScreenShotViewController.m */,
			);
			name = Controllers;
			sourceTree = "<group>";
		};
		83E61CF614D8276300B68046 /* Storyboards */ = {
			isa = PBXGroup;
			children = (
				83F79A9214D6DE9A00C9A985 /* MainStoryboard.storyboard */,
			);
			name = Storyboards;
			path = ..;
			sourceTree = "<group>";
		};
		83E61CF714D8278100B68046 /* Models */ = {
			isa = PBXGroup;
			children = (
				831A73DE14E17F0300BDF979 /* Encryption */,
				831A73D314E17EBE00BDF979 /* Extensions */,
				83E61CF814D827A400B68046 /* MSLogViewer.h */,
				83E61CF914D827A400B68046 /* MSLogViewer.m */,
				83BAA3EE14DB267200E04EF6 /* MSLogEntry.h */,
				83BAA3EF14DB267200E04EF6 /* MSLogEntry.m */,
				831A73D014E1640B00BDF979 /* MSLoggerClient.h */,
				831A73D114E1640B00BDF979 /* MSLoggerClient.m */,
			);
			name = Models;
			sourceTree = "<group>";
		};
		83F74BCC14DABA370096CC47 /* Images */ = {
			isa = PBXGroup;
			children = (
				83BAA3EC14DB056B00E04EF6 /* AppLogo.png */,
				83BAA3DC14DAC36C00E04EF6 /* logo.png */,
				83F74BD214DABAB00096CC47 /* Default-Portrait~ipad.png */,
				83F74BD014DABA9F0096CC47 /* Default-Landscape~ipad.png */,
			);
			name = Images;
			sourceTree = "<group>";
		};
		83F79A7114D6DE9900C9A985 = {
			isa = PBXGroup;
			children = (
				83F74BCC14DABA370096CC47 /* Images */,
				83F79A8614D6DE9A00C9A985 /* OpenSpanLogMonitor */,
				83F79AC414D6DEE200C9A985 /* PubNub */,
				83F79A9D14D6DECC00C9A985 /* JSON */,
				83F79A7F14D6DE9A00C9A985 /* Frameworks */,
				83F79A7D14D6DE9A00C9A985 /* Products */,
			);
			sourceTree = "<group>";
		};
		83F79A7D14D6DE9A00C9A985 /* Products */ = {
			isa = PBXGroup;
			children = (
				83F79A7C14D6DE9A00C9A985 /* OpenSpanLogMonitor.app */,
			);
			name = Products;
			sourceTree = "<group>";
		};
		83F79A7F14D6DE9A00C9A985 /* Frameworks */ = {
			isa = PBXGroup;
			children = (
				831A73CD14E13D0000BDF979 /* Security.framework */,
				83F79A8014D6DE9A00C9A985 /* UIKit.framework */,
				83F79A8214D6DE9A00C9A985 /* Foundation.framework */,
				83F79A8414D6DE9A00C9A985 /* CoreGraphics.framework */,
			);
			name = Frameworks;
			sourceTree = "<group>";
		};
		83F79A8614D6DE9A00C9A985 /* OpenSpanLogMonitor */ = {
			isa = PBXGroup;
			children = (
				83BAA3DF14DAC43700E04EF6 /* Views */,
				83E61CF714D8278100B68046 /* Models */,
				83E61CF614D8276300B68046 /* Storyboards */,
				83E61CF414D8274000B68046 /* Controllers */,
				83F79A8F14D6DE9A00C9A985 /* MSAppDelegate.h */,
				83F79A9014D6DE9A00C9A985 /* MSAppDelegate.m */,
				83F79A8714D6DE9A00C9A985 /* Supporting Files */,
			);
			path = OpenSpanLogMonitor;
			sourceTree = "<group>";
		};
		83F79A8714D6DE9A00C9A985 /* Supporting Files */ = {
			isa = PBXGroup;
			children = (
				83F79A8814D6DE9A00C9A985 /* OpenSpanLogMonitor-Info.plist */,
				83F79A8914D6DE9A00C9A985 /* InfoPlist.strings */,
				83F79A8C14D6DE9A00C9A985 /* main.m */,
				83F79A8E14D6DE9A00C9A985 /* OpenSpanLogMonitor-Prefix.pch */,
			);
			name = "Supporting Files";
			sourceTree = "<group>";
		};
		83F79A9D14D6DECC00C9A985 /* JSON */ = {
			isa = PBXGroup;
			children = (
				83F79A9E14D6DED900C9A985 /* JSON.h */,
				83F79A9F14D6DED900C9A985 /* NSObject+SBJson.h */,
				83F79AA014D6DED900C9A985 /* NSObject+SBJson.m */,
				83F79AA114D6DED900C9A985 /* SBJson.h */,
				83F79AA214D6DED900C9A985 /* SBJsonParser.h */,
				83F79AA314D6DED900C9A985 /* SBJsonParser.m */,
				83F79AA414D6DED900C9A985 /* SBJsonStreamParser.h */,
				83F79AA514D6DED900C9A985 /* SBJsonStreamParser.m */,
				83F79AA614D6DED900C9A985 /* SBJsonStreamParserAccumulator.h */,
				83F79AA714D6DED900C9A985 /* SBJsonStreamParserAccumulator.m */,
				83F79AA814D6DED900C9A985 /* SBJsonStreamParserAdapter.h */,
				83F79AA914D6DED900C9A985 /* SBJsonStreamParserAdapter.m */,
				83F79AAA14D6DED900C9A985 /* SBJsonStreamParserState.h */,
				83F79AAB14D6DED900C9A985 /* SBJsonStreamParserState.m */,
				83F79AAC14D6DED900C9A985 /* SBJsonStreamWriter.h */,
				83F79AAD14D6DED900C9A985 /* SBJsonStreamWriter.m */,
				83F79AAE14D6DED900C9A985 /* SBJsonStreamWriterAccumulator.h */,
				83F79AAF14D6DED900C9A985 /* SBJsonStreamWriterAccumulator.m */,
				83F79AB014D6DED900C9A985 /* SBJsonStreamWriterState.h */,
				83F79AB114D6DED900C9A985 /* SBJsonStreamWriterState.m */,
				83F79AB214D6DED900C9A985 /* SBJsonTokeniser.h */,
				83F79AB314D6DED900C9A985 /* SBJsonTokeniser.m */,
				83F79AB414D6DED900C9A985 /* SBJsonUTF8Stream.h */,
				83F79AB514D6DED900C9A985 /* SBJsonUTF8Stream.m */,
				83F79AB614D6DED900C9A985 /* SBJsonWriter.h */,
				83F79AB714D6DED900C9A985 /* SBJsonWriter.m */,
			);
			name = JSON;
			sourceTree = "<group>";
		};
		83F79AC414D6DEE200C9A985 /* PubNub */ = {
			isa = PBXGroup;
			children = (
				83F79AC514D6DEF800C9A985 /* CEPubnub.h */,
				83F79AC614D6DEF800C9A985 /* CEPubnub.m */,
				83F79AC714D6DEF800C9A985 /* CEPubnubDelegate.h */,
				83F79AC814D6DEF800C9A985 /* CEPubnubRequest.h */,
				83F79AC914D6DEF800C9A985 /* CEPubnubRequest.m */,
			);
			name = PubNub;
			sourceTree = "<group>";
		};
/* End PBXGroup section */

/* Begin PBXNativeTarget section */
		83F79A7B14D6DE9A00C9A985 /* OpenSpanLogMonitor */ = {
			isa = PBXNativeTarget;
			buildConfigurationList = 83F79A9A14D6DE9A00C9A985 /* Build configuration list for PBXNativeTarget "OpenSpanLogMonitor" */;
			buildPhases = (
				83F79A7814D6DE9A00C9A985 /* Sources */,
				83F79A7914D6DE9A00C9A985 /* Frameworks */,
				83F79A7A14D6DE9A00C9A985 /* Resources */,
			);
			buildRules = (
			);
			dependencies = (
			);
			name = OpenSpanLogMonitor;
			productName = OpenSpanLogMonitor;
			productReference = 83F79A7C14D6DE9A00C9A985 /* OpenSpanLogMonitor.app */;
			productType = "com.apple.product-type.application";
		};
/* End PBXNativeTarget section */

/* Begin PBXProject section */
		83F79A7314D6DE9900C9A985 /* Project object */ = {
			isa = PBXProject;
			attributes = {
				LastUpgradeCheck = 0420;
				ORGANIZATIONNAME = MillsySoft;
			};
			buildConfigurationList = 83F79A7614D6DE9900C9A985 /* Build configuration list for PBXProject "OpenSpanLogMonitor" */;
			compatibilityVersion = "Xcode 3.2";
			developmentRegion = English;
			hasScannedForEncodings = 0;
			knownRegions = (
				en,
			);
			mainGroup = 83F79A7114D6DE9900C9A985;
			productRefGroup = 83F79A7D14D6DE9A00C9A985 /* Products */;
			projectDirPath = "";
			projectRoot = "";
			targets = (
				83F79A7B14D6DE9A00C9A985 /* OpenSpanLogMonitor */,
			);
		};
/* End PBXProject section */

/* Begin PBXResourcesBuildPhase section */
		83F79A7A14D6DE9A00C9A985 /* Resources */ = {
			isa = PBXResourcesBuildPhase;
			buildActionMask = 2147483647;
			files = (
				83F79A8B14D6DE9A00C9A985 /* InfoPlist.strings in Resources */,
				83F79A9414D6DE9A00C9A985 /* MainStoryboard.storyboard in Resources */,
				83F74BD114DABA9F0096CC47 /* Default-Landscape~ipad.png in Resources */,
				83F74BD314DABAB00096CC47 /* Default-Portrait~ipad.png in Resources */,
				83BAA3DD14DAC36C00E04EF6 /* logo.png in Resources */,
				83BAA3ED14DB056B00E04EF6 /* AppLogo.png in Resources */,
			);
			runOnlyForDeploymentPostprocessing = 0;
		};
/* End PBXResourcesBuildPhase section */

/* Begin PBXSourcesBuildPhase section */
		83F79A7814D6DE9A00C9A985 /* Sources */ = {
			isa = PBXSourcesBuildPhase;
			buildActionMask = 2147483647;
			files = (
				83F79A8D14D6DE9A00C9A985 /* main.m in Sources */,
				83F79A9114D6DE9A00C9A985 /* MSAppDelegate.m in Sources */,
				83F79A9714D6DE9A00C9A985 /* MSViewController.m in Sources */,
				83F79AB814D6DED900C9A985 /* NSObject+SBJson.m in Sources */,
				83F79AB914D6DED900C9A985 /* SBJsonParser.m in Sources */,
				83F79ABA14D6DED900C9A985 /* SBJsonStreamParser.m in Sources */,
				83F79ABB14D6DED900C9A985 /* SBJsonStreamParserAccumulator.m in Sources */,
				83F79ABC14D6DED900C9A985 /* SBJsonStreamParserAdapter.m in Sources */,
				83F79ABD14D6DED900C9A985 /* SBJsonStreamParserState.m in Sources */,
				83F79ABE14D6DED900C9A985 /* SBJsonStreamWriter.m in Sources */,
				83F79ABF14D6DED900C9A985 /* SBJsonStreamWriterAccumulator.m in Sources */,
				83F79AC014D6DED900C9A985 /* SBJsonStreamWriterState.m in Sources */,
				83F79AC114D6DED900C9A985 /* SBJsonTokeniser.m in Sources */,
				83F79AC214D6DED900C9A985 /* SBJsonUTF8Stream.m in Sources */,
				83F79AC314D6DED900C9A985 /* SBJsonWriter.m in Sources */,
				83F79ACA14D6DEF800C9A985 /* CEPubnub.m in Sources */,
				83F79ACB14D6DEF800C9A985 /* CEPubnubRequest.m in Sources */,
				83F79AD114D72DD900C9A985 /* MSLogLevelViewController.m in Sources */,
				83E61CFA14D827A400B68046 /* MSLogViewer.m in Sources */,
				83E2AD4414D87BA900829924 /* MSStartupViewController.m in Sources */,
				83E2AD4C14D9D22B00829924 /* MSScreenShotViewController.m in Sources */,
				83BAA3F014DB267200E04EF6 /* MSLogEntry.m in Sources */,
				831A73D214E1640B00BDF979 /* MSLoggerClient.m in Sources */,
				831A73DB14E17ED000BDF979 /* NSData+Extension.m in Sources */,
				831A73DC14E17ED000BDF979 /* Base64Transcoder.c in Sources */,
				831A73DD14E17ED000BDF979 /* NSString+Extension.m in Sources */,
				831A73E114E17F1E00BDF979 /* MSEncryption.m in Sources */,
			);
			runOnlyForDeploymentPostprocessing = 0;
		};
/* End PBXSourcesBuildPhase section */

/* Begin PBXVariantGroup section */
		83F79A8914D6DE9A00C9A985 /* InfoPlist.strings */ = {
			isa = PBXVariantGroup;
			children = (
				83F79A8A14D6DE9A00C9A985 /* en */,
			);
			name = InfoPlist.strings;
			sourceTree = "<group>";
		};
		83F79A9214D6DE9A00C9A985 /* MainStoryboard.storyboard */ = {
			isa = PBXVariantGroup;
			children = (
				83F79A9314D6DE9A00C9A985 /* en */,
			);
			name = MainStoryboard.storyboard;
			path = OpenSpanLogMonitor;
			sourceTree = "<group>";
		};
/* End PBXVariantGroup section */

/* Begin XCBuildConfiguration section */
		83F79A9814D6DE9A00C9A985 /* Debug */ = {
			isa = XCBuildConfiguration;
			buildSettings = {
				ALWAYS_SEARCH_USER_PATHS = NO;
				ARCHS = "$(ARCHS_STANDARD_32_BIT)";
				"CODE_SIGN_IDENTITY[sdk=iphoneos*]" = "iPhone Developer";
				COPY_PHASE_STRIP = NO;
				GCC_C_LANGUAGE_STANDARD = gnu99;
				GCC_DYNAMIC_NO_PIC = NO;
				GCC_OPTIMIZATION_LEVEL = 0;
				GCC_PREPROCESSOR_DEFINITIONS = (
					"DEBUG=1",
					"$(inherited)",
				);
				GCC_SYMBOLS_PRIVATE_EXTERN = NO;
				GCC_VERSION = com.apple.compilers.llvm.clang.1_0;
				GCC_WARN_ABOUT_MISSING_PROTOTYPES = YES;
				GCC_WARN_ABOUT_RETURN_TYPE = YES;
				GCC_WARN_UNUSED_VARIABLE = YES;
				IPHONEOS_DEPLOYMENT_TARGET = 5.0;
				SDKROOT = iphoneos;
				TARGETED_DEVICE_FAMILY = 2;
			};
			name = Debug;
		};
		83F79A9914D6DE9A00C9A985 /* Release */ = {
			isa = XCBuildConfiguration;
			buildSettings = {
				ALWAYS_SEARCH_USER_PATHS = NO;
				ARCHS = "$(ARCHS_STANDARD_32_BIT)";
				"CODE_SIGN_IDENTITY[sdk=iphoneos*]" = "iPhone Developer";
				COPY_PHASE_STRIP = YES;
				GCC_C_LANGUAGE_STANDARD = gnu99;
				GCC_VERSION = com.apple.compilers.llvm.clang.1_0;
				GCC_WARN_ABOUT_MISSING_PROTOTYPES = YES;
				GCC_WARN_ABOUT_RETURN_TYPE = YES;
				GCC_WARN_UNUSED_VARIABLE = YES;
				IPHONEOS_DEPLOYMENT_TARGET = 5.0;
				OTHER_CFLAGS = "-DNS_BLOCK_ASSERTIONS=1";
				SDKROOT = iphoneos;
				TARGETED_DEVICE_FAMILY = 2;
				VALIDATE_PRODUCT = YES;
			};
			name = Release;
		};
		83F79A9B14D6DE9A00C9A985 /* Debug */ = {
			isa = XCBuildConfiguration;
			buildSettings = {
				GCC_PRECOMPILE_PREFIX_HEADER = YES;
				GCC_PREFIX_HEADER = "OpenSpanLogMonitor/OpenSpanLogMonitor-Prefix.pch";
				INFOPLIST_FILE = "OpenSpanLogMonitor/OpenSpanLogMonitor-Info.plist";
				PRODUCT_NAME = "$(TARGET_NAME)";
				WRAPPER_EXTENSION = app;
			};
			name = Debug;
		};
		83F79A9C14D6DE9A00C9A985 /* Release */ = {
			isa = XCBuildConfiguration;
			buildSettings = {
				GCC_PRECOMPILE_PREFIX_HEADER = YES;
				GCC_PREFIX_HEADER = "OpenSpanLogMonitor/OpenSpanLogMonitor-Prefix.pch";
				INFOPLIST_FILE = "OpenSpanLogMonitor/OpenSpanLogMonitor-Info.plist";
				PRODUCT_NAME = "$(TARGET_NAME)";
				WRAPPER_EXTENSION = app;
			};
			name = Release;
		};
/* End XCBuildConfiguration section */

/* Begin XCConfigurationList section */
		83F79A7614D6DE9900C9A985 /* Build configuration list for PBXProject "OpenSpanLogMonitor" */ = {
			isa = XCConfigurationList;
			buildConfigurations = (
				83F79A9814D6DE9A00C9A985 /* Debug */,
				83F79A9914D6DE9A00C9A985 /* Release */,
			);
			defaultConfigurationIsVisible = 0;
			defaultConfigurationName = Release;
		};
		83F79A9A14D6DE9A00C9A985 /* Build configuration list for PBXNativeTarget "OpenSpanLogMonitor" */ = {
			isa = XCConfigurationList;
			buildConfigurations = (
				83F79A9B14D6DE9A00C9A985 /* Debug */,
				83F79A9C14D6DE9A00C9A985 /* Release */,
			);
			defaultConfigurationIsVisible = 0;
			defaultConfigurationName = Release;
		};
/* End XCConfigurationList section */
	};
	rootObject = 83F79A7314D6DE9900C9A985 /* Project object */;
}
